# THIS IS AN AUTOGENERATED FILE. DO NOT EDIT THIS FILE DIRECTLY.
# yarn lockfile v1


colors@^0.6.2:
  version "0.6.2"
  resolved "https://registry.yarnpkg.com/colors/-/colors-0.6.2.tgz#2423fe6678ac0c5dae8852e5d0e5be08c997abcc"
  integrity sha1-JCP+ZnisDF2uiFLl0OW+CMmXq8w=

iconv@>=1.2.0:
  version "2.3.1"
  resolved "https://registry.yarnpkg.com/iconv/-/iconv-2.3.1.tgz#61532dcab13d4c49766685dc05107f317f6da902"
  integrity sha512-6gvRjd4frcMhTbWpdESntx1HGlvyezMjAH0HOmimelzfpDhUQhQ1DBoEeCabfmj0N0/0zJzr1E1P1O420Z+Bww==
  dependencies:
    nan "^2.11.1"
    safer-buffer "^2.1.2"

nan@^2.11.1:
  version "2.11.1"
  resolved "https://registry.yarnpkg.com/nan/-/nan-2.11.1.tgz#90e22bccb8ca57ea4cd37cc83d3819b52eea6766"
  integrity sha512-iji6k87OSXa0CcrLl9z+ZiYSuR2o+c0bGuNmXdrhTQTakxytAFsC56SArGYoiHlJlFoHSnvmhpceZJaXkVuOtA==

node-gettext@^0.2.14:
  version "0.2.14"
  resolved "https://registry.yarnpkg.com/node-gettext/-/node-gettext-0.2.14.tgz#83b611bcd1d477edecec9a9c69e8c554a266dc19"
  integrity sha1-g7YRvNHUd+3s7JqcaejFVKJm3Bk=
  dependencies:
    iconv ">=1.2.0"

safer-buffer@^2.1.2:
  version "2.1.2"
  resolved "https://registry.yarnpkg.com/safer-buffer/-/safer-buffer-2.1.2.tgz#44fa161b0187b9549dd84bb91802f9bd8385cd6a"
  integrity sha512-YZo3K82SD7Riyi0E1EQPojLz7kpepnSQI9IyPbHHg1XXXevb5dJI7tpyN2ADxGcQbHG7vcyRHk0cbwqcQriUtg==
