# THIS IS AN AUTOGENERATED FILE. DO NOT EDIT THIS FILE DIRECTLY.
# yarn lockfile v1


async@0.1.x:
  version "0.1.22"
  resolved "https://registry.yarnpkg.com/async/-/async-0.1.22.tgz#0fc1aaa088a0e3ef0ebe2d8831bab0dcf8845061"
  integrity sha1-D8GqoIig4+8Ovi2IMbqw3PiEUGE=

beanpoll@0.2.x:
  version "0.2.19"
  resolved "https://registry.yarnpkg.com/beanpoll/-/beanpoll-0.2.19.tgz#fe7640b38903d91b5cedf216ec7e301042249bd8"
  integrity sha1-/nZAs4kD2Rtc7fIW7H4wEEIkm9g=
  dependencies:
    comerr "0.0.x"
    crema "<0.2.0"
    disposable "0.0.1"
    dolce "<0.2.0"
    outcome "<0.2.0"
    underscore "*"

celeri@^0.3.3:
  version "0.3.4"
  resolved "https://registry.yarnpkg.com/celeri/-/celeri-0.3.4.tgz#f78c239daec0c68cd4816728bff88adeb6e604ab"
  integrity sha1-94wjna7AxozUgWcov/iK3rbmBKs=
  dependencies:
    beanpoll "0.2.x"
    colors "0.5.x"
    crema "0.1.x"
    disposable "0.0.x"
    dsync "0.0.x"
    keypress "0.1.x"
    outcome "0.0.x"
    plugin "0.3.x"
    structr "0.2.x"
    tq "0.0.x"
    underscore "1.2.x"

colors@0.5.x:
  version "0.5.1"
  resolved "https://registry.yarnpkg.com/colors/-/colors-0.5.1.tgz#7d0023eaeb154e8ee9fce75dcb923d0ed1667774"
  integrity sha1-fQAj6usVTo7p/Oddy5I9DtFmd3Q=

colors@^0.6.2:
  version "0.6.2"
  resolved "https://registry.yarnpkg.com/colors/-/colors-0.6.2.tgz#2423fe6678ac0c5dae8852e5d0e5be08c997abcc"
  integrity sha1-JCP+ZnisDF2uiFLl0OW+CMmXq8w=

comerr@0.0.x:
  version "0.0.9"
  resolved "https://registry.yarnpkg.com/comerr/-/comerr-0.0.9.tgz#0bdf8e3f9f6099e8313fa1c0fa6e0931999abce2"
  integrity sha1-C9+OP59gmegxP6HA+m4JMZmavOI=

crema@*, crema@0.1.x, crema@<0.2.0:
  version "0.1.5"
  resolved "https://registry.yarnpkg.com/crema/-/crema-0.1.5.tgz#afcbc0643116de494016125e30affbc74fdcbc9c"
  integrity sha1-r8vAZDEW3klAFhJeMK/7x0/cvJw=
  dependencies:
    strscanner "0.0.x"

deep-extend@0.2.x:
  version "0.2.11"
  resolved "https://registry.yarnpkg.com/deep-extend/-/deep-extend-0.2.11.tgz#7a16ba69729132340506170494bc83f7076fe08f"
  integrity sha1-eha6aXKRMjQFBhcElLyD9wdv4I8=

disposable@0.0.1:
  version "0.0.1"
  resolved "https://registry.yarnpkg.com/disposable/-/disposable-0.0.1.tgz#02bcf8407bd648b05ed6f1f94fd07537510a906b"
  integrity sha1-Arz4QHvWSLBe1vH5T9B1N1EKkGs=

disposable@0.0.x:
  version "0.0.5"
  resolved "https://registry.yarnpkg.com/disposable/-/disposable-0.0.5.tgz#272757fc4fb6fe0aa29abd586eb6dd57f8474af3"
  integrity sha1-JydX/E+2/gqimr1YbrbdV/hHSvM=

dolce@<0.2.0:
  version "0.0.14"
  resolved "https://registry.yarnpkg.com/dolce/-/dolce-0.0.14.tgz#51c4a91edee2e02d8d241c1751d2ee1774c04dc9"
  integrity sha1-UcSpHt7i4C2NJBwXUdLuF3TATck=
  dependencies:
    crema "*"
    sift "*"
    underscore "1.2.x"

dref@0.0.x:
  version "0.0.6"
  resolved "https://registry.yarnpkg.com/dref/-/dref-0.0.6.tgz#48e265949364b03a413cb09d997328fcff2b966c"
  integrity sha1-SOJllJNksDpBPLCdmXMo/P8rlmw=
  dependencies:
    dref "0.0.x"
    structr "0.2.x"
    type-component "0.0.x"

dsync@0.0.x:
  version "0.0.2"
  resolved "https://registry.yarnpkg.com/dsync/-/dsync-0.0.2.tgz#000b53587c7d239dffa1bf06b2e9204061a220cb"
  integrity sha1-AAtTWHx9I53/ob8GsukgQGGiIMs=
  dependencies:
    deep-extend "0.2.x"
    dref "0.0.x"
    traverse "*"
    underscore "1.4.x"

iconv@>=1.2.0:
  version "2.3.1"
  resolved "https://registry.yarnpkg.com/iconv/-/iconv-2.3.1.tgz#61532dcab13d4c49766685dc05107f317f6da902"
  integrity sha512-6gvRjd4frcMhTbWpdESntx1HGlvyezMjAH0HOmimelzfpDhUQhQ1DBoEeCabfmj0N0/0zJzr1E1P1O420Z+Bww==
  dependencies:
    nan "^2.11.1"
    safer-buffer "^2.1.2"

keypress@0.1.x:
  version "0.1.0"
  resolved "https://registry.yarnpkg.com/keypress/-/keypress-0.1.0.tgz#4a3188d4291b66b4f65edb99f806aa9ae293592a"
  integrity sha1-SjGI1CkbZrT2XtuZ+AaqmuKTWSo=

nan@^2.11.1:
  version "2.11.1"
  resolved "https://registry.yarnpkg.com/nan/-/nan-2.11.1.tgz#90e22bccb8ca57ea4cd37cc83d3819b52eea6766"
  integrity sha512-iji6k87OSXa0CcrLl9z+ZiYSuR2o+c0bGuNmXdrhTQTakxytAFsC56SArGYoiHlJlFoHSnvmhpceZJaXkVuOtA==

node-gettext@^0.2.14:
  version "0.2.14"
  resolved "https://registry.yarnpkg.com/node-gettext/-/node-gettext-0.2.14.tgz#83b611bcd1d477edecec9a9c69e8c554a266dc19"
  integrity sha1-g7YRvNHUd+3s7JqcaejFVKJm3Bk=
  dependencies:
    iconv ">=1.2.0"

outcome@0.0.x, outcome@<0.2.0:
  version "0.0.18"
  resolved "https://registry.yarnpkg.com/outcome/-/outcome-0.0.18.tgz#7a7720232a4bc5631c27ca80705b6dde7536e63b"
  integrity sha1-encgIypLxWMcJ8qAcFtt3nU25js=

plugin@0.3.x:
  version "0.3.3"
  resolved "https://registry.yarnpkg.com/plugin/-/plugin-0.3.3.tgz#09140a624f1754db3a833611a988ca6e474eeee1"
  integrity sha1-CRQKYk8XVNs6gzYRqYjKbkdO7uE=
  dependencies:
    async "0.1.x"
    dref "0.0.x"
    outcome "0.0.x"
    resolve "0.2.x"
    sift "0.0.x"
    step "0.0.x"
    structr "0.2.x"
    toarray "0.0.x"
    underscore "1.4.x"

resolve@0.2.x:
  version "0.2.8"
  resolved "https://registry.yarnpkg.com/resolve/-/resolve-0.2.8.tgz#fdb17d4abb0ecaf6f80d67ac03cf290088f6c0d0"
  integrity sha1-/bF9SrsOyvb4DWesA88pAIj2wNA=

safer-buffer@^2.1.2:
  version "2.1.2"
  resolved "https://registry.yarnpkg.com/safer-buffer/-/safer-buffer-2.1.2.tgz#44fa161b0187b9549dd84bb91802f9bd8385cd6a"
  integrity sha512-YZo3K82SD7Riyi0E1EQPojLz7kpepnSQI9IyPbHHg1XXXevb5dJI7tpyN2ADxGcQbHG7vcyRHk0cbwqcQriUtg==

sift@*:
  version "7.0.1"
  resolved "https://registry.yarnpkg.com/sift/-/sift-7.0.1.tgz#47d62c50b159d316f1372f8b53f9c10cd21a4b08"
  integrity sha512-oqD7PMJ+uO6jV9EQCl0LrRw1OwsiPsiFQR5AR30heR+4Dl7jBBbDLnNvWiak20tzZlSE1H7RB30SX/1j/YYT7g==

sift@0.0.x:
  version "0.0.18"
  resolved "https://registry.yarnpkg.com/sift/-/sift-0.0.18.tgz#1d5f39735e24b46543d806d274c8197fd92c54a4"
  integrity sha1-HV85c14ktGVD2AbSdMgZf9ksVKQ=

step@0.0.x:
  version "0.0.6"
  resolved "https://registry.yarnpkg.com/step/-/step-0.0.6.tgz#143e7849a5d7d3f4a088fe29af94915216eeede2"
  integrity sha1-FD54SaXX0/SgiP4pr5SRUhbu7eI=

strscanner@0.0.x:
  version "0.0.8"
  resolved "https://registry.yarnpkg.com/strscanner/-/strscanner-0.0.8.tgz#51b640e42907eeed7f6e0f3c861863160709bda1"
  integrity sha1-UbZA5CkH7u1/bg88hhhjFgcJvaE=

structr@0.2.x:
  version "0.2.4"
  resolved "https://registry.yarnpkg.com/structr/-/structr-0.2.4.tgz#8a15aab501bc59333fb1d529721be89f1bc3dc93"
  integrity sha1-ihWqtQG8WTM/sdUpchvonxvD3JM=

toarray@0.0.x:
  version "0.0.1"
  resolved "https://registry.yarnpkg.com/toarray/-/toarray-0.0.1.tgz#a115430a84a4be91b2746f62b9e07c83a3fb8c45"
  integrity sha1-oRVDCoSkvpGydG9iueB8g6P7jEU=

tq@0.0.x:
  version "0.0.4"
  resolved "https://registry.yarnpkg.com/tq/-/tq-0.0.4.tgz#334d9b5eaa2c91c2d7a109e3c39e2e69ab330897"
  integrity sha1-M02bXqoskcLXoQnjw54uaaszCJc=

traverse@*:
  version "0.6.6"
  resolved "https://registry.yarnpkg.com/traverse/-/traverse-0.6.6.tgz#cbdf560fd7b9af632502fed40f918c157ea97137"
  integrity sha1-y99WD9e5r2MlAv7UD5GMFX6pcTc=

type-component@0.0.x:
  version "0.0.1"
  resolved "https://registry.yarnpkg.com/type-component/-/type-component-0.0.1.tgz#952a6c81c21efd24d13d811d0c8498cb860e1956"
  integrity sha1-lSpsgcIe/STRPYEdDISYy4YOGVY=

underscore@*:
  version "1.9.1"
  resolved "https://registry.yarnpkg.com/underscore/-/underscore-1.9.1.tgz#06dce34a0e68a7babc29b365b8e74b8925203961"
  integrity sha512-5/4etnCkd9c8gwgowi5/om/mYO5ajCaOgdzj/oW+0eQV9WxKBDZw5+ycmKmeaTXjInS/W0BzpGLo2xR2aBwZdg==

underscore@1.2.x:
  version "1.2.4"
  resolved "https://registry.yarnpkg.com/underscore/-/underscore-1.2.4.tgz#e8da6241aa06f64df2473bb2590b8c17c84c3c7e"
  integrity sha1-6NpiQaoG9k3yRzuyWQuMF8hMPH4=

underscore@1.4.x:
  version "1.4.4"
  resolved "https://registry.yarnpkg.com/underscore/-/underscore-1.4.4.tgz#61a6a32010622afa07963bf325203cf12239d604"
  integrity sha1-YaajIBBiKvoHljvzJSA88SI51gQ=
